Microsoft Visual Studio Solution File, Format Version 10.00
# Visual Studio 2008
Project("{8BC9CEB8-8B4A-11D0-8D11-00A0C91BC942}") = "RemoteDesktopServer", "RemoteDesktopServer\RemoteDesktopServer.vcproj", "{BF193083-E75E-426D-97BE-EFE4D19C9270}"
	ProjectSection(ProjectDependencies) = postProject
		{2D4F8105-7D21-454C-9932-B47CAB71A5C0} = {2D4F8105-7D21-454C-9932-B47CAB71A5C0}
		{0008960E-E0DD-41A6-8265-00B31DDB4C21} = {0008960E-E0DD-41A6-8265-00B31DDB4C21}
		{F3CCE0EF-6906-485B-8E82-761BDDADB50D} = {F3CCE0EF-6906-485B-8E82-761BDDADB50D}
	EndProjectSection
EndProject
Project("{8BC9CEB8-8B4A-11D0-8D11-00A0C91BC942}") = "RemoteDesktopClient", "RemoteDesktopClient\RemoteDesktopClient.vcproj", "{83847D1F-3E30-4FFA-93BE-63AAB746752E}"
	ProjectSection(ProjectDependencies) = postProject
		{2D4F8105-7D21-454C-9932-B47CAB71A5C0} = {2D4F8105-7D21-454C-9932-B47CAB71A5C0}
		{0008960E-E0DD-41A6-8265-00B31DDB4C21} = {0008960E-E0DD-41A6-8265-00B31DDB4C21}
		{F3CCE0EF-6906-485B-8E82-761BDDADB50D} = {F3CCE0EF-6906-485B-8E82-761BDDADB50D}
	EndProjectSection
EndProject
Project("{8BC9CEB8-8B4A-11D0-8D11-00A0C91BC942}") = "libpng", "libpng16\libpng.vcproj", "{0008960E-E0DD-41A6-8265-00B31DDB4C21}"
	ProjectSection(ProjectDependencies) = postProject
		{2D4F8105-7D21-454C-9932-B47CAB71A5C0} = {2D4F8105-7D21-454C-9932-B47CAB71A5C0}
	EndProjectSection
EndProject
Project("{8BC9CEB8-8B4A-11D0-8D11-00A0C91BC942}") = "zlib", "zlib\zlib.vcproj", "{2D4F8105-7D21-454C-9932-B47CAB71A5C0}"
EndProject
Project("{8BC9CEB8-8B4A-11D0-8D11-00A0C91BC942}") = "libjpeg", "libjpeg\libjpeg.vcproj", "{F3CCE0EF-6906-485B-8E82-761BDDADB50D}"
EndProject
Project("{8BC9CEB8-8B4A-11D0-8D11-00A0C91BC942}") = "P2PTracker", "P2PTracker\P2PTracker.vcproj", "{6B74B3BD-6B03-4749-817F-98151F8A812A}"
EndProject
Global
	GlobalSection(SolutionConfigurationPlatforms) = preSolution
		Debug|Win32 = Debug|Win32
		Debug|x64 = Debug|x64
		DLL Debug|Win32 = DLL Debug|Win32
		DLL Debug|x64 = DLL Debug|x64
		DLL Release|Win32 = DLL Release|Win32
		DLL Release|x64 = DLL Release|x64
		DLL VB|Win32 = DLL VB|Win32
		DLL VB|x64 = DLL VB|x64
		LIB Debug|Win32 = LIB Debug|Win32
		LIB Debug|x64 = LIB Debug|x64
		LIB Release|Win32 = LIB Release|Win32
		LIB Release|x64 = LIB Release|x64
		Release|Win32 = Release|Win32
		Release|x64 = Release|x64
	EndGlobalSection
	GlobalSection(ProjectConfigurationPlatforms) = postSolution
		{BF193083-E75E-426D-97BE-EFE4D19C9270}.Debug|Win32.ActiveCfg = Debug|Win32
		{BF193083-E75E-426D-97BE-EFE4D19C9270}.Debug|Win32.Build.0 = Debug|Win32
		{BF193083-E75E-426D-97BE-EFE4D19C9270}.Debug|x64.ActiveCfg = Debug|Win32
		{BF193083-E75E-426D-97BE-EFE4D19C9270}.DLL Debug|Win32.ActiveCfg = Debug|Win32
		{BF193083-E75E-426D-97BE-EFE4D19C9270}.DLL Debug|Win32.Build.0 = Debug|Win32
		{BF193083-E75E-426D-97BE-EFE4D19C9270}.DLL Debug|x64.ActiveCfg = Debug|Win32
		{BF193083-E75E-426D-97BE-EFE4D19C9270}.DLL Release|Win32.ActiveCfg = Release|Win32
		{BF193083-E75E-426D-97BE-EFE4D19C9270}.DLL Release|Win32.Build.0 = Release|Win32
		{BF193083-E75E-426D-97BE-EFE4D19C9270}.DLL Release|x64.ActiveCfg = Release|Win32
		{BF193083-E75E-426D-97BE-EFE4D19C9270}.DLL VB|Win32.ActiveCfg = Debug|Win32
		{BF193083-E75E-426D-97BE-EFE4D19C9270}.DLL VB|Win32.Build.0 = Debug|Win32
		{BF193083-E75E-426D-97BE-EFE4D19C9270}.DLL VB|x64.ActiveCfg = Debug|Win32
		{BF193083-E75E-426D-97BE-EFE4D19C9270}.LIB Debug|Win32.ActiveCfg = Debug|Win32
		{BF193083-E75E-426D-97BE-EFE4D19C9270}.LIB Debug|Win32.Build.0 = Debug|Win32
		{BF193083-E75E-426D-97BE-EFE4D19C9270}.LIB Debug|x64.ActiveCfg = Debug|Win32
		{BF193083-E75E-426D-97BE-EFE4D19C9270}.LIB Release|Win32.ActiveCfg = Release|Win32
		{BF193083-E75E-426D-97BE-EFE4D19C9270}.LIB Release|Win32.Build.0 = Release|Win32
		{BF193083-E75E-426D-97BE-EFE4D19C9270}.LIB Release|x64.ActiveCfg = Release|Win32
		{BF193083-E75E-426D-97BE-EFE4D19C9270}.Release|Win32.ActiveCfg = Release|Win32
		{BF193083-E75E-426D-97BE-EFE4D19C9270}.Release|Win32.Build.0 = Release|Win32
		{BF193083-E75E-426D-97BE-EFE4D19C9270}.Release|x64.ActiveCfg = Release|Win32
		{83847D1F-3E30-4FFA-93BE-63AAB746752E}.Debug|Win32.ActiveCfg = Debug|Win32
		{83847D1F-3E30-4FFA-93BE-63AAB746752E}.Debug|Win32.Build.0 = Debug|Win32
		{83847D1F-3E30-4FFA-93BE-63AAB746752E}.Debug|x64.ActiveCfg = Debug|Win32
		{83847D1F-3E30-4FFA-93BE-63AAB746752E}.DLL Debug|Win32.ActiveCfg = Debug|Win32
		{83847D1F-3E30-4FFA-93BE-63AAB746752E}.DLL Debug|Win32.Build.0 = Debug|Win32
		{83847D1F-3E30-4FFA-93BE-63AAB746752E}.DLL Debug|x64.ActiveCfg = Debug|Win32
		{83847D1F-3E30-4FFA-93BE-63AAB746752E}.DLL Release|Win32.ActiveCfg = Release|Win32
		{83847D1F-3E30-4FFA-93BE-63AAB746752E}.DLL Release|Win32.Build.0 = Release|Win32
		{83847D1F-3E30-4FFA-93BE-63AAB746752E}.DLL Release|x64.ActiveCfg = Release|Win32
		{83847D1F-3E30-4FFA-93BE-63AAB746752E}.DLL VB|Win32.ActiveCfg = Debug|Win32
		{83847D1F-3E30-4FFA-93BE-63AAB746752E}.DLL VB|Win32.Build.0 = Debug|Win32
		{83847D1F-3E30-4FFA-93BE-63AAB746752E}.DLL VB|x64.ActiveCfg = Debug|Win32
		{83847D1F-3E30-4FFA-93BE-63AAB746752E}.LIB Debug|Win32.ActiveCfg = Debug|Win32
		{83847D1F-3E30-4FFA-93BE-63AAB746752E}.LIB Debug|Win32.Build.0 = Debug|Win32
		{83847D1F-3E30-4FFA-93BE-63AAB746752E}.LIB Debug|x64.ActiveCfg = Debug|Win32
		{83847D1F-3E30-4FFA-93BE-63AAB746752E}.LIB Release|Win32.ActiveCfg = Release|Win32
		{83847D1F-3E30-4FFA-93BE-63AAB746752E}.LIB Release|Win32.Build.0 = Release|Win32
		{83847D1F-3E30-4FFA-93BE-63AAB746752E}.LIB Release|x64.ActiveCfg = Release|Win32
		{83847D1F-3E30-4FFA-93BE-63AAB746752E}.Release|Win32.ActiveCfg = Release|Win32
		{83847D1F-3E30-4FFA-93BE-63AAB746752E}.Release|Win32.Build.0 = Release|Win32
		{83847D1F-3E30-4FFA-93BE-63AAB746752E}.Release|x64.ActiveCfg = Release|Win32
		{0008960E-E0DD-41A6-8265-00B31DDB4C21}.Debug|Win32.ActiveCfg = Debug|Win32
		{0008960E-E0DD-41A6-8265-00B31DDB4C21}.Debug|Win32.Build.0 = Debug|Win32
		{0008960E-E0DD-41A6-8265-00B31DDB4C21}.Debug|x64.ActiveCfg = DLL VB|Win32
		{0008960E-E0DD-41A6-8265-00B31DDB4C21}.DLL Debug|Win32.ActiveCfg = DLL Debug|Win32
		{0008960E-E0DD-41A6-8265-00B31DDB4C21}.DLL Debug|Win32.Build.0 = DLL Debug|Win32
		{0008960E-E0DD-41A6-8265-00B31DDB4C21}.DLL Debug|x64.ActiveCfg = DLL Debug|Win32
		{0008960E-E0DD-41A6-8265-00B31DDB4C21}.DLL Release|Win32.ActiveCfg = DLL Release|Win32
		{0008960E-E0DD-41A6-8265-00B31DDB4C21}.DLL Release|Win32.Build.0 = DLL Release|Win32
		{0008960E-E0DD-41A6-8265-00B31DDB4C21}.DLL Release|x64.ActiveCfg = DLL Release|Win32
		{0008960E-E0DD-41A6-8265-00B31DDB4C21}.DLL VB|Win32.ActiveCfg = DLL VB|Win32
		{0008960E-E0DD-41A6-8265-00B31DDB4C21}.DLL VB|Win32.Build.0 = DLL VB|Win32
		{0008960E-E0DD-41A6-8265-00B31DDB4C21}.DLL VB|x64.ActiveCfg = DLL VB|Win32
		{0008960E-E0DD-41A6-8265-00B31DDB4C21}.LIB Debug|Win32.ActiveCfg = Debug|Win32
		{0008960E-E0DD-41A6-8265-00B31DDB4C21}.LIB Debug|Win32.Build.0 = Debug|Win32
		{0008960E-E0DD-41A6-8265-00B31DDB4C21}.LIB Debug|x64.ActiveCfg = Debug|Win32
		{0008960E-E0DD-41A6-8265-00B31DDB4C21}.LIB Release|Win32.ActiveCfg = Release|Win32
		{0008960E-E0DD-41A6-8265-00B31DDB4C21}.LIB Release|Win32.Build.0 = Release|Win32
		{0008960E-E0DD-41A6-8265-00B31DDB4C21}.LIB Release|x64.ActiveCfg = Release|Win32
		{0008960E-E0DD-41A6-8265-00B31DDB4C21}.Release|Win32.ActiveCfg = Release|Win32
		{0008960E-E0DD-41A6-8265-00B31DDB4C21}.Release|Win32.Build.0 = Release|Win32
		{0008960E-E0DD-41A6-8265-00B31DDB4C21}.Release|x64.ActiveCfg = Release|Win32
		{2D4F8105-7D21-454C-9932-B47CAB71A5C0}.Debug|Win32.ActiveCfg = Debug|Win32
		{2D4F8105-7D21-454C-9932-B47CAB71A5C0}.Debug|Win32.Build.0 = Debug|Win32
		{2D4F8105-7D21-454C-9932-B47CAB71A5C0}.Debug|x64.ActiveCfg = Debug|Win32
		{2D4F8105-7D21-454C-9932-B47CAB71A5C0}.DLL Debug|Win32.ActiveCfg = DLL Debug|Win32
		{2D4F8105-7D21-454C-9932-B47CAB71A5C0}.DLL Debug|Win32.Build.0 = DLL Debug|Win32
		{2D4F8105-7D21-454C-9932-B47CAB71A5C0}.DLL Debug|x64.ActiveCfg = DLL Debug|Win32
		{2D4F8105-7D21-454C-9932-B47CAB71A5C0}.DLL Release|Win32.ActiveCfg = DLL Release|Win32
		{2D4F8105-7D21-454C-9932-B47CAB71A5C0}.DLL Release|Win32.Build.0 = DLL Release|Win32
		{2D4F8105-7D21-454C-9932-B47CAB71A5C0}.DLL Release|x64.ActiveCfg = DLL Release|Win32
		{2D4F8105-7D21-454C-9932-B47CAB71A5C0}.DLL VB|Win32.ActiveCfg = DLL Release|Win32
		{2D4F8105-7D21-454C-9932-B47CAB71A5C0}.DLL VB|Win32.Build.0 = DLL Release|Win32
		{2D4F8105-7D21-454C-9932-B47CAB71A5C0}.DLL VB|x64.ActiveCfg = DLL Release|Win32
		{2D4F8105-7D21-454C-9932-B47CAB71A5C0}.LIB Debug|Win32.ActiveCfg = Debug|Win32
		{2D4F8105-7D21-454C-9932-B47CAB71A5C0}.LIB Debug|Win32.Build.0 = Debug|Win32
		{2D4F8105-7D21-454C-9932-B47CAB71A5C0}.LIB Debug|x64.ActiveCfg = Debug|Win32
		{2D4F8105-7D21-454C-9932-B47CAB71A5C0}.LIB Release|Win32.ActiveCfg = Release|Win32
		{2D4F8105-7D21-454C-9932-B47CAB71A5C0}.LIB Release|Win32.Build.0 = Release|Win32
		{2D4F8105-7D21-454C-9932-B47CAB71A5C0}.LIB Release|x64.ActiveCfg = Release|Win32
		{2D4F8105-7D21-454C-9932-B47CAB71A5C0}.Release|Win32.ActiveCfg = Release|Win32
		{2D4F8105-7D21-454C-9932-B47CAB71A5C0}.Release|Win32.Build.0 = Release|Win32
		{2D4F8105-7D21-454C-9932-B47CAB71A5C0}.Release|x64.ActiveCfg = Release|Win32
		{F3CCE0EF-6906-485B-8E82-761BDDADB50D}.Debug|Win32.ActiveCfg = Debug|Win32
		{F3CCE0EF-6906-485B-8E82-761BDDADB50D}.Debug|Win32.Build.0 = Debug|Win32
		{F3CCE0EF-6906-485B-8E82-761BDDADB50D}.Debug|x64.ActiveCfg = Debug|Win32
		{F3CCE0EF-6906-485B-8E82-761BDDADB50D}.DLL Debug|Win32.ActiveCfg = Debug|Win32
		{F3CCE0EF-6906-485B-8E82-761BDDADB50D}.DLL Debug|Win32.Build.0 = Debug|Win32
		{F3CCE0EF-6906-485B-8E82-761BDDADB50D}.DLL Debug|x64.ActiveCfg = Debug|Win32
		{F3CCE0EF-6906-485B-8E82-761BDDADB50D}.DLL Release|Win32.ActiveCfg = Release|Win32
		{F3CCE0EF-6906-485B-8E82-761BDDADB50D}.DLL Release|Win32.Build.0 = Release|Win32
		{F3CCE0EF-6906-485B-8E82-761BDDADB50D}.DLL Release|x64.ActiveCfg = Release|Win32
		{F3CCE0EF-6906-485B-8E82-761BDDADB50D}.DLL VB|Win32.ActiveCfg = Debug|Win32
		{F3CCE0EF-6906-485B-8E82-761BDDADB50D}.DLL VB|Win32.Build.0 = Debug|Win32
		{F3CCE0EF-6906-485B-8E82-761BDDADB50D}.DLL VB|x64.ActiveCfg = Debug|Win32
		{F3CCE0EF-6906-485B-8E82-761BDDADB50D}.LIB Debug|Win32.ActiveCfg = Debug|Win32
		{F3CCE0EF-6906-485B-8E82-761BDDADB50D}.LIB Debug|Win32.Build.0 = Debug|Win32
		{F3CCE0EF-6906-485B-8E82-761BDDADB50D}.LIB Debug|x64.ActiveCfg = Debug|Win32
		{F3CCE0EF-6906-485B-8E82-761BDDADB50D}.LIB Release|Win32.ActiveCfg = Release|Win32
		{F3CCE0EF-6906-485B-8E82-761BDDADB50D}.LIB Release|Win32.Build.0 = Release|Win32
		{F3CCE0EF-6906-485B-8E82-761BDDADB50D}.LIB Release|x64.ActiveCfg = Release|Win32
		{F3CCE0EF-6906-485B-8E82-761BDDADB50D}.Release|Win32.ActiveCfg = Release|Win32
		{F3CCE0EF-6906-485B-8E82-761BDDADB50D}.Release|Win32.Build.0 = Release|Win32
		{F3CCE0EF-6906-485B-8E82-761BDDADB50D}.Release|x64.ActiveCfg = Release|Win32
		{6B74B3BD-6B03-4749-817F-98151F8A812A}.Debug|Win32.ActiveCfg = Debug|Win32
		{6B74B3BD-6B03-4749-817F-98151F8A812A}.Debug|Win32.Build.0 = Debug|Win32
		{6B74B3BD-6B03-4749-817F-98151F8A812A}.Debug|x64.ActiveCfg = Debug|Win32
		{6B74B3BD-6B03-4749-817F-98151F8A812A}.DLL Debug|Win32.ActiveCfg = Debug|Win32
		{6B74B3BD-6B03-4749-817F-98151F8A812A}.DLL Debug|Win32.Build.0 = Debug|Win32
		{6B74B3BD-6B03-4749-817F-98151F8A812A}.DLL Debug|x64.ActiveCfg = Debug|Win32
		{6B74B3BD-6B03-4749-817F-98151F8A812A}.DLL Release|Win32.ActiveCfg = Release|Win32
		{6B74B3BD-6B03-4749-817F-98151F8A812A}.DLL Release|Win32.Build.0 = Release|Win32
		{6B74B3BD-6B03-4749-817F-98151F8A812A}.DLL Release|x64.ActiveCfg = Release|Win32
		{6B74B3BD-6B03-4749-817F-98151F8A812A}.DLL VB|Win32.ActiveCfg = Debug|Win32
		{6B74B3BD-6B03-4749-817F-98151F8A812A}.DLL VB|Win32.Build.0 = Debug|Win32
		{6B74B3BD-6B03-4749-817F-98151F8A812A}.DLL VB|x64.ActiveCfg = Debug|Win32
		{6B74B3BD-6B03-4749-817F-98151F8A812A}.LIB Debug|Win32.ActiveCfg = Debug|Win32
		{6B74B3BD-6B03-4749-817F-98151F8A812A}.LIB Debug|Win32.Build.0 = Debug|Win32
		{6B74B3BD-6B03-4749-817F-98151F8A812A}.LIB Debug|x64.ActiveCfg = Debug|Win32
		{6B74B3BD-6B03-4749-817F-98151F8A812A}.LIB Release|Win32.ActiveCfg = Release|Win32
		{6B74B3BD-6B03-4749-817F-98151F8A812A}.LIB Release|Win32.Build.0 = Release|Win32
		{6B74B3BD-6B03-4749-817F-98151F8A812A}.LIB Release|x64.ActiveCfg = Release|Win32
		{6B74B3BD-6B03-4749-817F-98151F8A812A}.Release|Win32.ActiveCfg = Release|Win32
		{6B74B3BD-6B03-4749-817F-98151F8A812A}.Release|Win32.Build.0 = Release|Win32
		{6B74B3BD-6B03-4749-817F-98151F8A812A}.Release|x64.ActiveCfg = Release|Win32
	EndGlobalSection
	GlobalSection(SolutionProperties) = preSolution
		HideSolutionNode = FALSE
	EndGlobalSection
EndGlobal
